
Microsoft Visual Studio Solution File, Format Version 12.00
Project("{FAE04EC0-301F-11D3-BF4B-00C04F79EFBC}") = "lab_3", "lab_3\lab_3.csproj", "{6EC294A5-8D30-40CC-982F-6C8B65ADA957}"
EndProject
Global
	GlobalSection(SolutionConfigurationPlatforms) = preSolution
		Debug|Any CPU = Debug|Any CPU
		Release|Any CPU = Release|Any CPU
	EndGlobalSection
	GlobalSection(ProjectConfigurationPlatforms) = postSolution
		{6EC294A5-8D30-40CC-982F-6C8B65ADA957}.Debug|Any CPU.ActiveCfg = Debug|Any CPU
		{6EC294A5-8D30-40CC-982F-6C8B65ADA957}.Debug|Any CPU.Build.0 = Debug|Any CPU
		{6EC294A5-8D30-40CC-982F-6C8B65ADA957}.Release|Any CPU.ActiveCfg = Release|Any CPU
		{6EC294A5-8D30-40CC-982F-6C8B65ADA957}.Release|Any CPU.Build.0 = Release|Any CPU
	EndGlobalSection
EndGlobal
